# THIS IS AN AUTOGENERATED FILE. DO NOT EDIT THIS FILE DIRECTLY.
# yarn lockfile v1


"@esbuild/aix-ppc64@0.21.5":
  version "0.21.5"
  resolved "https://artifacts.netflix.net/api/npm/npm-netflix/@esbuild/aix-ppc64/-/aix-ppc64-0.21.5.tgz#c7184a326533fcdf1b8ee0733e21c713b975575f"
  integrity sha512-1SDgH6ZSPTlggy1yI6+Dbkiz8xzpHJEVAlF/AM1tHPLsf5STom9rwtjE4hKAF20FfXXNTFqEYXyJNWh1GiZedQ==

"@esbuild/android-arm64@0.21.5":
  version "0.21.5"
  resolved "https://artifacts.netflix.net/api/npm/npm-netflix/@esbuild/android-arm64/-/android-arm64-0.21.5.tgz#09d9b4357780da9ea3a7dfb833a1f1ff439b4052"
  integrity sha512-c0uX9VAUBQ7dTDCjq+wdyGLowMdtR/GoC2U5IYk/7D1H1JYC0qseD7+11iMP2mRLN9RcCMRcjC4YMclCzGwS/A==

"@esbuild/android-arm@0.21.5":
  version "0.21.5"
  resolved "https://artifacts.netflix.net/api/npm/npm-netflix/@esbuild/android-arm/-/android-arm-0.21.5.tgz#9b04384fb771926dfa6d7ad04324ecb2ab9b2e28"
  integrity sha512-vCPvzSjpPHEi1siZdlvAlsPxXl7WbOVUBBAowWug4rJHb68Ox8KualB+1ocNvT5fjv6wpkX6o/iEpbDrf68zcg==

"@esbuild/android-x64@0.21.5":
  version "0.21.5"
  resolved "https://artifacts.netflix.net/api/npm/npm-netflix/@esbuild/android-x64/-/android-x64-0.21.5.tgz#29918ec2db754cedcb6c1b04de8cd6547af6461e"
  integrity sha512-D7aPRUUNHRBwHxzxRvp856rjUHRFW1SdQATKXH2hqA0kAZb1hKmi02OpYRacl0TxIGz/ZmXWlbZgjwWYaCakTA==

"@esbuild/darwin-arm64@0.21.5":
  version "0.21.5"
  resolved "https://artifacts.netflix.net/api/npm/npm-netflix/@esbuild/darwin-arm64/-/darwin-arm64-0.21.5.tgz#e495b539660e51690f3928af50a76fb0a6ccff2a"
  integrity sha512-DwqXqZyuk5AiWWf3UfLiRDJ5EDd49zg6O9wclZ7kUMv2WRFr4HKjXp/5t8JZ11QbQfUS6/cRCKGwYhtNAY88kQ==

"@esbuild/darwin-x64@0.21.5":
  version "0.21.5"
  resolved "https://artifacts.netflix.net/api/npm/npm-netflix/@esbuild/darwin-x64/-/darwin-x64-0.21.5.tgz#c13838fa57372839abdddc91d71542ceea2e1e22"
  integrity sha512-se/JjF8NlmKVG4kNIuyWMV/22ZaerB+qaSi5MdrXtd6R08kvs2qCN4C09miupktDitvh8jRFflwGFBQcxZRjbw==

"@esbuild/freebsd-arm64@0.21.5":
  version "0.21.5"
  resolved "https://artifacts.netflix.net/api/npm/npm-netflix/@esbuild/freebsd-arm64/-/freebsd-arm64-0.21.5.tgz#646b989aa20bf89fd071dd5dbfad69a3542e550e"
  integrity sha512-5JcRxxRDUJLX8JXp/wcBCy3pENnCgBR9bN6JsY4OmhfUtIHe3ZW0mawA7+RDAcMLrMIZaf03NlQiX9DGyB8h4g==

"@esbuild/freebsd-x64@0.21.5":
  version "0.21.5"
  resolved "https://artifacts.netflix.net/api/npm/npm-netflix/@esbuild/freebsd-x64/-/freebsd-x64-0.21.5.tgz#aa615cfc80af954d3458906e38ca22c18cf5c261"
  integrity sha512-J95kNBj1zkbMXtHVH29bBriQygMXqoVQOQYA+ISs0/2l3T9/kj42ow2mpqerRBxDJnmkUDCaQT/dfNXWX/ZZCQ==

"@esbuild/linux-arm64@0.21.5":
  version "0.21.5"
  resolved "https://artifacts.netflix.net/api/npm/npm-netflix/@esbuild/linux-arm64/-/linux-arm64-0.21.5.tgz#70ac6fa14f5cb7e1f7f887bcffb680ad09922b5b"
  integrity sha512-ibKvmyYzKsBeX8d8I7MH/TMfWDXBF3db4qM6sy+7re0YXya+K1cem3on9XgdT2EQGMu4hQyZhan7TeQ8XkGp4Q==

"@esbuild/linux-arm@0.21.5":
  version "0.21.5"
  resolved "https://artifacts.netflix.net/api/npm/npm-netflix/@esbuild/linux-arm/-/linux-arm-0.21.5.tgz#fc6fd11a8aca56c1f6f3894f2bea0479f8f626b9"
  integrity sha512-bPb5AHZtbeNGjCKVZ9UGqGwo8EUu4cLq68E95A53KlxAPRmUyYv2D6F0uUI65XisGOL1hBP5mTronbgo+0bFcA==

"@esbuild/linux-ia32@0.21.5":
  version "0.21.5"
  resolved "https://artifacts.netflix.net/api/npm/npm-netflix/@esbuild/linux-ia32/-/linux-ia32-0.21.5.tgz#3271f53b3f93e3d093d518d1649d6d68d346ede2"
  integrity sha512-YvjXDqLRqPDl2dvRODYmmhz4rPeVKYvppfGYKSNGdyZkA01046pLWyRKKI3ax8fbJoK5QbxblURkwK/MWY18Tg==

"@esbuild/linux-loong64@0.21.5":
  version "0.21.5"
  resolved "https://artifacts.netflix.net/api/npm/npm-netflix/@esbuild/linux-loong64/-/linux-loong64-0.21.5.tgz#ed62e04238c57026aea831c5a130b73c0f9f26df"
  integrity sha512-uHf1BmMG8qEvzdrzAqg2SIG/02+4/DHB6a9Kbya0XDvwDEKCoC8ZRWI5JJvNdUjtciBGFQ5PuBlpEOXQj+JQSg==

"@esbuild/linux-mips64el@0.21.5":
  version "0.21.5"
  resolved "https://artifacts.netflix.net/api/npm/npm-netflix/@esbuild/linux-mips64el/-/linux-mips64el-0.21.5.tgz#e79b8eb48bf3b106fadec1ac8240fb97b4e64cbe"
  integrity sha512-IajOmO+KJK23bj52dFSNCMsz1QP1DqM6cwLUv3W1QwyxkyIWecfafnI555fvSGqEKwjMXVLokcV5ygHW5b3Jbg==

"@esbuild/linux-ppc64@0.21.5":
  version "0.21.5"
  resolved "https://artifacts.netflix.net/api/npm/npm-netflix/@esbuild/linux-ppc64/-/linux-ppc64-0.21.5.tgz#5f2203860a143b9919d383ef7573521fb154c3e4"
  integrity sha512-1hHV/Z4OEfMwpLO8rp7CvlhBDnjsC3CttJXIhBi+5Aj5r+MBvy4egg7wCbe//hSsT+RvDAG7s81tAvpL2XAE4w==

"@esbuild/linux-riscv64@0.21.5":
  version "0.21.5"
  resolved "https://artifacts.netflix.net/api/npm/npm-netflix/@esbuild/linux-riscv64/-/linux-riscv64-0.21.5.tgz#07bcafd99322d5af62f618cb9e6a9b7f4bb825dc"
  integrity sha512-2HdXDMd9GMgTGrPWnJzP2ALSokE/0O5HhTUvWIbD3YdjME8JwvSCnNGBnTThKGEB91OZhzrJ4qIIxk/SBmyDDA==

"@esbuild/linux-s390x@0.21.5":
  version "0.21.5"
  resolved "https://artifacts.netflix.net/api/npm/npm-netflix/@esbuild/linux-s390x/-/linux-s390x-0.21.5.tgz#b7ccf686751d6a3e44b8627ababc8be3ef62d8de"
  integrity sha512-zus5sxzqBJD3eXxwvjN1yQkRepANgxE9lgOW2qLnmr8ikMTphkjgXu1HR01K4FJg8h1kEEDAqDcZQtbrRnB41A==

"@esbuild/linux-x64@0.21.5":
  version "0.21.5"
  resolved "https://artifacts.netflix.net/api/npm/npm-netflix/@esbuild/linux-x64/-/linux-x64-0.21.5.tgz#6d8f0c768e070e64309af8004bb94e68ab2bb3b0"
  integrity sha512-1rYdTpyv03iycF1+BhzrzQJCdOuAOtaqHTWJZCWvijKD2N5Xu0TtVC8/+1faWqcP9iBCWOmjmhoH94dH82BxPQ==

"@esbuild/netbsd-x64@0.21.5":
  version "0.21.5"
  resolved "https://artifacts.netflix.net/api/npm/npm-netflix/@esbuild/netbsd-x64/-/netbsd-x64-0.21.5.tgz#bbe430f60d378ecb88decb219c602667387a6047"
  integrity sha512-Woi2MXzXjMULccIwMnLciyZH4nCIMpWQAs049KEeMvOcNADVxo0UBIQPfSmxB3CWKedngg7sWZdLvLczpe0tLg==

"@esbuild/openbsd-x64@0.21.5":
  version "0.21.5"
  resolved "https://artifacts.netflix.net/api/npm/npm-netflix/@esbuild/openbsd-x64/-/openbsd-x64-0.21.5.tgz#99d1cf2937279560d2104821f5ccce220cb2af70"
  integrity sha512-HLNNw99xsvx12lFBUwoT8EVCsSvRNDVxNpjZ7bPn947b8gJPzeHWyNVhFsaerc0n3TsbOINvRP2byTZ5LKezow==

"@esbuild/sunos-x64@0.21.5":
  version "0.21.5"
  resolved "https://artifacts.netflix.net/api/npm/npm-netflix/@esbuild/sunos-x64/-/sunos-x64-0.21.5.tgz#08741512c10d529566baba837b4fe052c8f3487b"
  integrity sha512-6+gjmFpfy0BHU5Tpptkuh8+uw3mnrvgs+dSPQXQOv3ekbordwnzTVEb4qnIvQcYXq6gzkyTnoZ9dZG+D4garKg==

"@esbuild/win32-arm64@0.21.5":
  version "0.21.5"
  resolved "https://artifacts.netflix.net/api/npm/npm-netflix/@esbuild/win32-arm64/-/win32-arm64-0.21.5.tgz#675b7385398411240735016144ab2e99a60fc75d"
  integrity sha512-Z0gOTd75VvXqyq7nsl93zwahcTROgqvuAcYDUr+vOv8uHhNSKROyU961kgtCD1e95IqPKSQKH7tBTslnS3tA8A==

"@esbuild/win32-ia32@0.21.5":
  version "0.21.5"
  resolved "https://artifacts.netflix.net/api/npm/npm-netflix/@esbuild/win32-ia32/-/win32-ia32-0.21.5.tgz#1bfc3ce98aa6ca9a0969e4d2af72144c59c1193b"
  integrity sha512-SWXFF1CL2RVNMaVs+BBClwtfZSvDgtL//G/smwAc5oVK/UPu2Gu9tIaRgFmYFFKrmg3SyAjSrElf0TiJ1v8fYA==

"@esbuild/win32-x64@0.21.5":
  version "0.21.5"
  resolved "https://artifacts.netflix.net/api/npm/npm-netflix/@esbuild/win32-x64/-/win32-x64-0.21.5.tgz#acad351d582d157bb145535db2a6ff53dd514b5c"
  integrity sha512-tQd/1efJuzPC6rCFwEvLtci/xNFcTZknmXs98FYDfGE4wP9ClFV98nyKrzJKVPMhdDnjzLhdUyMX4PsQAPjwIw==

"@observablehq/plot@^0.6.17":
  version "0.6.17"
  resolved "https://artifacts.netflix.net/api/npm/npm-netflix/@observablehq/plot/-/plot-0.6.17.tgz#9a43f785e89e6d4413701e2b24d2ec8cc2700e02"
  integrity sha512-/qaXP/7mc4MUS0s4cPPFASDRjtsWp85/TbfsciqDgU1HwYixbSbbytNuInD8AcTYC3xaxACgVX06agdfQy9W+g==
  dependencies:
    d3 "^7.9.0"
    interval-tree-1d "^1.0.0"
    isoformat "^0.2.0"

"@rollup/rollup-android-arm-eabi@4.60.4":
  version "4.60.4"
  resolved "https://artifacts.netflix.net/api/npm/npm-netflix/@rollup/rollup-android-arm-eabi/-/rollup-android-arm-eabi-4.60.4.tgz#3a04f01e9f01392bbef5920b94aa3b88794be7ab"
  integrity sha512-F5QXMSiFebS9hKZj02XhWLLnRpJ3B3AROP0tWbFBSj+6kCbg5m9j5JoHKd4mmSVy5mS/IMQloYgYxCuJC0fxEQ==

"@rollup/rollup-android-arm64@4.60.4":
  version "4.60.4"
  resolved "https://artifacts.netflix.net/api/npm/npm-netflix/@rollup/rollup-android-arm64/-/rollup-android-arm64-4.60.4.tgz#e371b653ceabc900790ae73f5548a0fd7cd63a70"
  integrity sha512-GxxTKApUpzRhof7poWvCJHRF51C67u1R7D6DiluBE8wKU1u5GWE8t+v81JvJYtbawoBFX1hLv5Ei4eVjkWokaw==

"@rollup/rollup-darwin-arm64@4.60.4":
  version "4.60.4"
  resolved "https://artifacts.netflix.net/api/npm/npm-netflix/@rollup/rollup-darwin-arm64/-/rollup-darwin-arm64-4.60.4.tgz#2a5aa70432e39816d666d79287a7324cfc3b4e72"
  integrity sha512-tua0TaJxMOB1R0V0RS1jFZ/RpURFDJIOR2A6jWwQeawuFyS4gBW+rntLRaQd0EQ4bd6Vp44Z2rXW+YYDBsj6IA==

"@rollup/rollup-darwin-x64@4.60.4":
  version "4.60.4"
  resolved "https://artifacts.netflix.net/api/npm/npm-netflix/@rollup/rollup-darwin-x64/-/rollup-darwin-x64-4.60.4.tgz#c3b5b49629379cd9cdc5d841bf00ed44ebf393dd"
  integrity sha512-CSKq7MsP+5PFIcydhAiR1K0UhEI1A2jWXVKHPCBZ151yOutENwvnPocgVHkivu2kviURtCEB6zUQw0vs8RrhMg==

"@rollup/rollup-freebsd-arm64@4.60.4":
  version "4.60.4"
  resolved "https://artifacts.netflix.net/api/npm/npm-netflix/@rollup/rollup-freebsd-arm64/-/rollup-freebsd-arm64-4.60.4.tgz#f929d8e0462fae6602fc960beeabd7287d859283"
  integrity sha512-+O8OkVdyvXMtJEciu2wS/pzm1IxntEEQx3z5TAVy4l32G0etZn+RsA48ARRrFm6Ri8fvqPQfgrvNxSjKAbnd3g==

"@rollup/rollup-freebsd-x64@4.60.4":
  version "4.60.4"
  resolved "https://artifacts.netflix.net/api/npm/npm-netflix/@rollup/rollup-freebsd-x64/-/rollup-freebsd-x64-4.60.4.tgz#c01cb58031226f95d0900b1ec847f4fb32c6e809"
  integrity sha512-Iw3oMskH3AfNuhU0MSN7vNbdi4me/NiYo2azqPz/Le16zHSa+3RRmliCMWWQmh4lcndccU40xcJuTYJZxNo/lw==

"@rollup/rollup-linux-arm-gnueabihf@4.60.4":
  version "4.60.4"
  resolved "https://artifacts.netflix.net/api/npm/npm-netflix/@rollup/rollup-linux-arm-gnueabihf/-/rollup-linux-arm-gnueabihf-4.60.4.tgz#f29d890c4858c8e0d3be01677eef4f6a359eed9d"
  integrity sha512-EIPRXTVQpHyF8WOo219AD2yEltPehLTcTMz2fn6JsatLYSzQf00hj3rulF+yauOlF9/FtM2WpkT/hJh/KJFGhA==

"@rollup/rollup-linux-arm-musleabihf@4.60.4":
  version "4.60.4"
  resolved "https://artifacts.netflix.net/api/npm/npm-netflix/@rollup/rollup-linux-arm-musleabihf/-/rollup-linux-arm-musleabihf-4.60.4.tgz#1ebfc8eb9f66136ed2faae5f44995add5ca3c964"
  integrity sha512-J3Yh9PzzF1Ovah2At+lHiGQdsYgArxBbXv/zHfSyaiFQEqvNv7DcW98pCrmdjCZBrqBiKrKKe2V+aaSGWuBe/w==

"@rollup/rollup-linux-arm64-gnu@4.60.4":
  version "4.60.4"
  resolved "https://artifacts.netflix.net/api/npm/npm-netflix/@rollup/rollup-linux-arm64-gnu/-/rollup-linux-arm64-gnu-4.60.4.tgz#c1fa823c2c4ce46ba7f61de1a4c3fdadd4fb4e7b"
  integrity sha512-BFDEZMYfUvLn37ONE1yMBojPxnMlTFsdyNoqncT0qFq1mAfllL+ATMMJd8TeuVMiX84s1KbcxcZbXInmcO2mRg==

"@rollup/rollup-linux-arm64-musl@4.60.4":
  version "4.60.4"
  resolved "https://artifacts.netflix.net/api/npm/npm-netflix/@rollup/rollup-linux-arm64-musl/-/rollup-linux-arm64-musl-4.60.4.tgz#a7f18854d0471b78bda8ea38f0891a4e059b571d"
  integrity sha512-pc9EYOSlOgdQ2uPl1o9PF6/kLSgaUosia7gOuS8mB69IxJvlclko1MECXysjs5ryez1/5zjYqx3+xYU0TU6R1A==

"@rollup/rollup-linux-loong64-gnu@4.60.4":
  version "4.60.4"
  resolved "https://artifacts.netflix.net/api/npm/npm-netflix/@rollup/rollup-linux-loong64-gnu/-/rollup-linux-loong64-gnu-4.60.4.tgz#83658a9a4576bcce8cef85b2c78b9b649d2200c4"
  integrity sha512-NxnomyxYerDh5n4iLrNa+sH+Z+U4BMEE46V2PgQ/hoB909i8gV1M5wPojWg9fk1jWpO3IQnOs20K4wyZuFLEFQ==

"@rollup/rollup-linux-loong64-musl@4.60.4":
  version "4.60.4"
  resolved "https://artifacts.netflix.net/api/npm/npm-netflix/@rollup/rollup-linux-loong64-musl/-/rollup-linux-loong64-musl-4.60.4.tgz#fd2af677ae3417bb58d57ae37dd0d84686e40244"
  integrity sha512-nbJnQ8a3z1mtmrwImCYhc6BGpThAyYVRQxw9uKSKG4wR6aAYno9sVjJ0zaZcW9BPJX1GbrDPf+SvdWjgTuDmnw==

"@rollup/rollup-linux-ppc64-gnu@4.60.4":
  version "4.60.4"
  resolved "https://artifacts.netflix.net/api/npm/npm-netflix/@rollup/rollup-linux-ppc64-gnu/-/rollup-linux-ppc64-gnu-4.60.4.tgz#6481647181c4cf8f1ddbd99f62c84cfc56c1a94a"
  integrity sha512-2EU6acNrQLd8tYvo/LXW535wupT3m6fo7HKo6lr7ktQoItxTyOL1ZCR/GfGCuXl2vR+zmfI6eRXkSemafv+iVg==

"@rollup/rollup-linux-ppc64-musl@4.60.4":
  version "4.60.4"
  resolved "https://artifacts.netflix.net/api/npm/npm-netflix/@rollup/rollup-linux-ppc64-musl/-/rollup-linux-ppc64-musl-4.60.4.tgz#18610a1a1550e28a5042ca916f898419540f17f4"
  integrity sha512-WeBtoMuaMxiiIrO2IYP3xs6GMWkJP2C0EoT8beTLkUPmzV1i/UcOSVw1d5r9KBODtHKilG5yFxsGRnBbK3wJ4A==

"@rollup/rollup-linux-riscv64-gnu@4.60.4":
  version "4.60.4"
  resolved "https://artifacts.netflix.net/api/npm/npm-netflix/@rollup/rollup-linux-riscv64-gnu/-/rollup-linux-riscv64-gnu-4.60.4.tgz#597bb80465a2621dbe0de0a41c66394a8a7e9a6e"
  integrity sha512-FJHFfqpKUI3A10WrWKiFbBZ7yVbGT4q4B5o1qKFFojqpaYoh9LrQgqWCmmcxQzVSXYtyB5bzkXrYzlHTs21MYA==

"@rollup/rollup-linux-riscv64-musl@4.60.4":
  version "4.60.4"
  resolved "https://artifacts.netflix.net/api/npm/npm-netflix/@rollup/rollup-linux-riscv64-musl/-/rollup-linux-riscv64-musl-4.60.4.tgz#a2a919a9f927ef7f24a60af77e3cb55f1ad59e4d"
  integrity sha512-mcEl6CUT5IAUmQf1m9FYSmVqCJlpQ8r8eyftFUHG8i9OhY7BkBXSUdnLH5DOf0wCOjcP9v/QO93zpmF1SptCCw==

"@rollup/rollup-linux-s390x-gnu@4.60.4":
  version "4.60.4"
  resolved "https://artifacts.netflix.net/api/npm/npm-netflix/@rollup/rollup-linux-s390x-gnu/-/rollup-linux-s390x-gnu-4.60.4.tgz#3166f6ceae7df9bbfddf9f36be1937231e13e3c6"
  integrity sha512-ynt3JxVd2w2buzoKDWIyiV1pJW93xlQic1THVLXilz429oijRpSHivZAgp65KBu+cMcgf1eVVjdnTLvPxgCuoQ==

"@rollup/rollup-linux-x64-gnu@4.60.4":
  version "4.60.4"
  resolved "https://artifacts.netflix.net/api/npm/npm-netflix/@rollup/rollup-linux-x64-gnu/-/rollup-linux-x64-gnu-4.60.4.tgz#23c9bf79771d804fb87415eb0767569f273261e5"
  integrity sha512-Boiz5+MsaROEWDf+GGEwF8VMHGhlUoQMtIPjOgA5fv4osupqTVnJteQNKJwUcnUog2G55jYXH7KZFFiJe0TEzQ==

"@rollup/rollup-linux-x64-musl@4.60.4":
  version "4.60.4"
  resolved "https://artifacts.netflix.net/api/npm/npm-netflix/@rollup/rollup-linux-x64-musl/-/rollup-linux-x64-musl-4.60.4.tgz#97941c6b94d67fe25cde0f027c10a19f2d1fdd39"
  integrity sha512-+qfSY27qIrFfI/Hom04KYFw3GKZSGU4lXus51wsb5EuySfFlWRwjkKWoE9emgRw/ukoT4Udsj4W/+xxG8VbPKg==

"@rollup/rollup-openbsd-x64@4.60.4":
  version "4.60.4"
  resolved "https://artifacts.netflix.net/api/npm/npm-netflix/@rollup/rollup-openbsd-x64/-/rollup-openbsd-x64-4.60.4.tgz#7aeb7d92e2cd1d399f56daf75c39040b777b6c77"
  integrity sha512-VpTfOPHgVXEBeeR8hZ2O0F3aSso+JDWqTWmTmzcQKted54IAdUVbxE+j/MVxUsKa8L20HJhv3vUezVPoquqWjA==

"@rollup/rollup-openharmony-arm64@4.60.4":
  version "4.60.4"
  resolved "https://artifacts.netflix.net/api/npm/npm-netflix/@rollup/rollup-openharmony-arm64/-/rollup-openharmony-arm64-4.60.4.tgz#925de61ae83bf99aa636e8acea87432e8c0ffaab"
  integrity sha512-IPOsh5aRYuLv/nkU51X10Bf75Bsf6+gZdx1X+QP5QM6lIJFHHqbHLG0uJn/hWthzo13UAc2umiUorqZy3axoZg==

"@rollup/rollup-win32-arm64-msvc@4.60.4":
  version "4.60.4"
  resolved "https://artifacts.netflix.net/api/npm/npm-netflix/@rollup/rollup-win32-arm64-msvc/-/rollup-win32-arm64-msvc-4.60.4.tgz#888ab83842721491044c46a7407e1f38f3235bb4"
  integrity sha512-4QzE9E81OohJ/HKzHhsqU+zcYYojVOXlFMs1DdyMT6qXl/niOH7AVElmmEdUNHHS/oRkc++d5k6Vy85zFs0DEw==

"@rollup/rollup-win32-ia32-msvc@4.60.4":
  version "4.60.4"
  resolved "https://artifacts.netflix.net/api/npm/npm-netflix/@rollup/rollup-win32-ia32-msvc/-/rollup-win32-ia32-msvc-4.60.4.tgz#fa30ac24e3f0232139d2a47500560a28695764d4"
  integrity sha512-zTPgT1YuHHcd+Tmx7h8aml0FWFVelV5N54oHow9SLj+GfoDy/huQ+UV396N/C7KpMDMiPspRktzM1/0r1usYEA==

"@rollup/rollup-win32-x64-gnu@4.60.4":
  version "4.60.4"
  resolved "https://artifacts.netflix.net/api/npm/npm-netflix/@rollup/rollup-win32-x64-gnu/-/rollup-win32-x64-gnu-4.60.4.tgz#223e2bc93f86e0707568e1fadb5b537e50c976c7"
  integrity sha512-DRS4G7mi9lJxqEDezIkKCaUIKCrLUUDCUaCsTPCi/rtqaC6D/jjwslMQyiDU50Ka0JKpeXeRBFBAXwArY52vBw==

"@rollup/rollup-win32-x64-msvc@4.60.4":
  version "4.60.4"
  resolved "https://artifacts.netflix.net/api/npm/npm-netflix/@rollup/rollup-win32-x64-msvc/-/rollup-win32-x64-msvc-4.60.4.tgz#da4f1676d87e2bdf744291b504b0ab79550c3e61"
  integrity sha512-QVTUovf40zgTqlFVrKA1uXMVvU2QWEFWfAH8Wdc48IxLvrJMQVMBRjuQyUpzZCDkakImib9eVazbWlC6ksWtJw==

"@types/estree@1.0.8":
  version "1.0.8"
  resolved "https://artifacts.netflix.net/api/npm/npm-netflix/@types/estree/-/estree-1.0.8.tgz#958b91c991b1867ced318bedea0e215ee050726e"
  integrity sha512-dWHzHa2WqEXI/O1E9OjrocMTKJl2mSrEolh1Iomrv6U+JuNwaHXsXx9bLu5gG7BUWFIN0skIQJQ/L1rIex4X6w==

binary-search-bounds@^2.0.0:
  version "2.0.5"
  resolved "https://artifacts.netflix.net/api/npm/npm-netflix/binary-search-bounds/-/binary-search-bounds-2.0.5.tgz#125e5bd399882f71e6660d4bf1186384e989fba7"
  integrity sha512-H0ea4Fd3lS1+sTEB2TgcLoK21lLhwEJzlQv3IN47pJS976Gx4zoWe0ak3q+uYh60ppQxg9F16Ri4tS1sfD4+jA==

commander@7:
  version "7.2.0"
  resolved "https://artifacts.netflix.net/api/npm/npm-netflix/commander/-/commander-7.2.0.tgz#a36cb57d0b501ce108e4d20559a150a391d97ab7"
  integrity sha512-QrWXB+ZQSVPmIWIhtEO9H+gwHaMGYiF5ChvoJ+K9ZGHG/sVsa6yiesAD1GC/x46sET00Xlwo1u49RVVVzvcSkw==

"d3-array@2 - 3", "d3-array@2.10.0 - 3", "d3-array@2.5.0 - 3", d3-array@3, d3-array@^3.2.0:
  version "3.2.4"
  resolved "https://artifacts.netflix.net/api/npm/npm-netflix/d3-array/-/d3-array-3.2.4.tgz#15fec33b237f97ac5d7c986dc77da273a8ed0bb5"
  integrity sha512-tdQAmyA18i4J7wprpYq8ClcxZy3SC31QMeByyCFyRt7BVHdREQZ5lpzoe5mFEYZUWe+oq8HBvk9JjpibyEV4Jg==
  dependencies:
    internmap "1 - 2"

d3-axis@3:
  version "3.0.0"
  resolved "https://artifacts.netflix.net/api/npm/npm-netflix/d3-axis/-/d3-axis-3.0.0.tgz#c42a4a13e8131d637b745fc2973824cfeaf93322"
  integrity sha512-IH5tgjV4jE/GhHkRV0HiVYPDtvfjHQlQfJHs0usq7M30XcSBvOotpmH1IgkcXsO/5gEQZD43B//fc7SRT5S+xw==

d3-brush@3:
  version "3.0.0"
  resolved "https://artifacts.netflix.net/api/npm/npm-netflix/d3-brush/-/d3-brush-3.0.0.tgz#6f767c4ed8dcb79de7ede3e1c0f89e63ef64d31c"
  integrity sha512-ALnjWlVYkXsVIGlOsuWH1+3udkYFI48Ljihfnh8FZPF2QS9o+PzGLBslO0PjzVoHLZ2KCVgAM8NVkXPJB2aNnQ==
  dependencies:
    d3-dispatch "1 - 3"
    d3-drag "2 - 3"
    d3-interpolate "1 - 3"
    d3-selection "3"
    d3-transition "3"

d3-chord@3:
  version "3.0.1"
  resolved "https://artifacts.netflix.net/api/npm/npm-netflix/d3-chord/-/d3-chord-3.0.1.tgz#d156d61f485fce8327e6abf339cb41d8cbba6966"
  integrity sha512-VE5S6TNa+j8msksl7HwjxMHDM2yNK3XCkusIlpX5kwauBfXuyLAtNg9jCp/iHH61tgI4sb6R/EIMWCqEIdjT/g==
  dependencies:
    d3-path "1 - 3"

"d3-color@1 - 3", d3-color@3:
  version "3.1.0"
  resolved "https://artifacts.netflix.net/api/npm/npm-netflix/d3-color/-/d3-color-3.1.0.tgz#395b2833dfac71507f12ac2f7af23bf819de24e2"
  integrity sha512-zg/chbXyeBtMQ1LbD/WSoW2DpC3I0mpmPdW+ynRTj/x2DAWYrIY7qeZIHidozwV24m4iavr15lNwIwLxRmOxhA==

d3-contour@4:
  version "4.0.2"
  resolved "https://artifacts.netflix.net/api/npm/npm-netflix/d3-contour/-/d3-contour-4.0.2.tgz#bb92063bc8c5663acb2422f99c73cbb6c6ae3bcc"
  integrity sha512-4EzFTRIikzs47RGmdxbeUvLWtGedDUNkTcmzoeyg4sP/dvCexO47AaQL7VKy/gul85TOxw+IBgA8US2xwbToNA==
  dependencies:
    d3-array "^3.2.0"

d3-delaunay@6:
  version "6.0.4"
  resolved "https://artifacts.netflix.net/api/npm/npm-netflix/d3-delaunay/-/d3-delaunay-6.0.4.tgz#98169038733a0a5babbeda55054f795bb9e4a58b"
  integrity sha512-mdjtIZ1XLAM8bm/hx3WwjfHt6Sggek7qH043O8KEjDXN40xi3vx/6pYSVTwLjEgiXQTbvaouWKynLBiUZ6SK6A==
  dependencies:
    delaunator "5"

"d3-dispatch@1 - 3", d3-dispatch@3:
  version "3.0.1"
  resolved "https://artifacts.netflix.net/api/npm/npm-netflix/d3-dispatch/-/d3-dispatch-3.0.1.tgz#5fc75284e9c2375c36c839411a0cf550cbfc4d5e"
  integrity sha512-rzUyPU/S7rwUflMyLc1ETDeBj0NRuHKKAcvukozwhshr6g6c5d8zh4c2gQjY2bZ0dXeGLWc1PF174P2tVvKhfg==

"d3-drag@2 - 3", d3-drag@3:
  version "3.0.0"
  resolved "https://artifacts.netflix.net/api/npm/npm-netflix/d3-drag/-/d3-drag-3.0.0.tgz#994aae9cd23c719f53b5e10e3a0a6108c69607ba"
  integrity sha512-pWbUJLdETVA8lQNJecMxoXfH6x+mO2UQo8rSmZ+QqxcbyA3hfeprFgIT//HW2nlHChWeIIMwS2Fq+gEARkhTkg==
  dependencies:
    d3-dispatch "1 - 3"
    d3-selection "3"

"d3-dsv@1 - 3", d3-dsv@3:
  version "3.0.1"
  resolved "https://artifacts.netflix.net/api/npm/npm-netflix/d3-dsv/-/d3-dsv-3.0.1.tgz#c63af978f4d6a0d084a52a673922be2160789b73"
  integrity sha512-UG6OvdI5afDIFP9w4G0mNq50dSOsXHJaRE8arAS5o9ApWnIElp8GZw1Dun8vP8OyHOZ/QJUKUJwxiiCCnUwm+Q==
  dependencies:
    commander "7"
    iconv-lite "0.6"
    rw "1"

"d3-ease@1 - 3", d3-ease@3:
  version "3.0.1"
  resolved "https://artifacts.netflix.net/api/npm/npm-netflix/d3-ease/-/d3-ease-3.0.1.tgz#9658ac38a2140d59d346160f1f6c30fda0bd12f4"
  integrity sha512-wR/XK3D3XcLIZwpbvQwQ5fK+8Ykds1ip7A2Txe0yxncXSdq1L9skcG7blcedkOX+ZcgxGAmLX1FrRGbADwzi0w==

d3-fetch@3:
  version "3.0.1"
  resolved "https://artifacts.netflix.net/api/npm/npm-netflix/d3-fetch/-/d3-fetch-3.0.1.tgz#83141bff9856a0edb5e38de89cdcfe63d0a60a22"
  integrity sha512-kpkQIM20n3oLVBKGg6oHrUchHM3xODkTzjMoj7aWQFq5QEM+R6E4WkzT5+tojDY7yjez8KgCBRoj4aEr99Fdqw==
  dependencies:
    d3-dsv "1 - 3"

d3-force@3:
  version "3.0.0"
  resolved "https://artifacts.netflix.net/api/npm/npm-netflix/d3-force/-/d3-force-3.0.0.tgz#3e2ba1a61e70888fe3d9194e30d6d14eece155c4"
  integrity sha512-zxV/SsA+U4yte8051P4ECydjD/S+qeYtnaIyAs9tgHCqfguma/aAQDjo85A9Z6EKhBirHRJHXIgJUlffT4wdLg==
  dependencies:
    d3-dispatch "1 - 3"
    d3-quadtree "1 - 3"
    d3-timer "1 - 3"

"d3-format@1 - 3", d3-format@3:
  version "3.1.2"
  resolved "https://artifacts.netflix.net/api/npm/npm-netflix/d3-format/-/d3-format-3.1.2.tgz#01fdb46b58beb1f55b10b42ad70b6e344d5eb2ae"
  integrity sha512-AJDdYOdnyRDV5b6ArilzCPPwc1ejkHcoyFarqlPqT7zRYjhavcT3uSrqcMvsgh2CgoPbK3RCwyHaVyxYcP2Arg==

d3-geo@3:
  version "3.1.1"
  resolved "https://artifacts.netflix.net/api/npm/npm-netflix/d3-geo/-/d3-geo-3.1.1.tgz#6027cf51246f9b2ebd64f99e01dc7c3364033a4d"
  integrity sha512-637ln3gXKXOwhalDzinUgY83KzNWZRKbYubaG+fGVuc/dxO64RRljtCTnf5ecMyE1RIdtqpkVcq0IbtU2S8j2Q==
  dependencies:
    d3-array "2.5.0 - 3"

d3-hierarchy@3:
  version "3.1.2"
  resolved "https://artifacts.netflix.net/api/npm/npm-netflix/d3-hierarchy/-/d3-hierarchy-3.1.2.tgz#b01cd42c1eed3d46db77a5966cf726f8c09160c6"
  integrity sha512-FX/9frcub54beBdugHjDCdikxThEqjnR93Qt7PvQTOHxyiNCAlvMrHhclk3cD5VeAaq9fxmfRp+CnWw9rEMBuA==

"d3-interpolate@1 - 3", "d3-interpolate@1.2.0 - 3", d3-interpolate@3:
  version "3.0.1"
  resolved "https://artifacts.netflix.net/api/npm/npm-netflix/d3-interpolate/-/d3-interpolate-3.0.1.tgz#3c47aa5b32c5b3dfb56ef3fd4342078a632b400d"
  integrity sha512-3bYs1rOD33uo8aqJfKP3JWPAibgw8Zm2+L9vBKEHJ2Rg+viTR7o5Mmv5mZcieN+FRYaAOWX5SJATX6k1PWz72g==
  dependencies:
    d3-color "1 - 3"

"d3-path@1 - 3", d3-path@3, d3-path@^3.1.0:
  version "3.1.0"
  resolved "https://artifacts.netflix.net/api/npm/npm-netflix/d3-path/-/d3-path-3.1.0.tgz#22df939032fb5a71ae8b1800d61ddb7851c42526"
  integrity sha512-p3KP5HCf/bvjBSSKuXid6Zqijx7wIfNW+J/maPs+iwR35at5JCbLUT0LzF1cnjbCHWhqzQTIN2Jpe8pRebIEFQ==

d3-polygon@3:
  version "3.0.1"
  resolved "https://artifacts.netflix.net/api/npm/npm-netflix/d3-polygon/-/d3-polygon-3.0.1.tgz#0b45d3dd1c48a29c8e057e6135693ec80bf16398"
  integrity sha512-3vbA7vXYwfe1SYhED++fPUQlWSYTTGmFmQiany/gdbiWgU/iEyQzyymwL9SkJjFFuCS4902BSzewVGsHHmHtXg==

"d3-quadtree@1 - 3", d3-quadtree@3:
  version "3.0.1"
  resolved "https://artifacts.netflix.net/api/npm/npm-netflix/d3-quadtree/-/d3-quadtree-3.0.1.tgz#6dca3e8be2b393c9a9d514dabbd80a92deef1a4f"
  integrity sha512-04xDrxQTDTCFwP5H6hRhsRcb9xxv2RzkcsygFzmkSIOJy3PeRJP7sNk3VRIbKXcog561P9oU0/rVH6vDROAgUw==

d3-random@3:
  version "3.0.1"
  resolved "https://artifacts.netflix.net/api/npm/npm-netflix/d3-random/-/d3-random-3.0.1.tgz#d4926378d333d9c0bfd1e6fa0194d30aebaa20f4"
  integrity sha512-FXMe9GfxTxqd5D6jFsQ+DJ8BJS4E/fT5mqqdjovykEB2oFbTMDVdg1MGFxfQW+FBOGoB++k8swBrgwSHT1cUXQ==

d3-scale-chromatic@3:
  version "3.1.0"
  resolved "https://artifacts.netflix.net/api/npm/npm-netflix/d3-scale-chromatic/-/d3-scale-chromatic-3.1.0.tgz#34c39da298b23c20e02f1a4b239bd0f22e7f1314"
  integrity sha512-A3s5PWiZ9YCXFye1o246KoscMWqf8BsD9eRiJ3He7C9OBaxKhAd5TFCdEx/7VbKtxxTsu//1mMJFrEt572cEyQ==
  dependencies:
    d3-color "1 - 3"
    d3-interpolate "1 - 3"

d3-scale@4:
  version "4.0.2"
  resolved "https://artifacts.netflix.net/api/npm/npm-netflix/d3-scale/-/d3-scale-4.0.2.tgz#82b38e8e8ff7080764f8dcec77bd4be393689396"
  integrity sha512-GZW464g1SH7ag3Y7hXjf8RoUuAFIqklOAq3MRl4OaWabTFJY9PN/E1YklhXLh+OQ3fM9yS2nOkCoS+WLZ6kvxQ==
  dependencies:
    d3-array "2.10.0 - 3"
    d3-format "1 - 3"
    d3-interpolate "1.2.0 - 3"
    d3-time "2.1.1 - 3"
    d3-time-format "2 - 4"

"d3-selection@2 - 3", d3-selection@3:
  version "3.0.0"
  resolved "https://artifacts.netflix.net/api/npm/npm-netflix/d3-selection/-/d3-selection-3.0.0.tgz#c25338207efa72cc5b9bd1458a1a41901f1e1b31"
  integrity sha512-fmTRWbNMmsmWq6xJV8D19U/gw/bwrHfNXxrIN+HfZgnzqTHp9jOmKMhsTUjXOJnZOdZY9Q28y4yebKzqDKlxlQ==

d3-shape@3:
  version "3.2.0"
  resolved "https://artifacts.netflix.net/api/npm/npm-netflix/d3-shape/-/d3-shape-3.2.0.tgz#a1a839cbd9ba45f28674c69d7f855bcf91dfc6a5"
  integrity sha512-SaLBuwGm3MOViRq2ABk3eLoxwZELpH6zhl3FbAoJ7Vm1gofKx6El1Ib5z23NUEhF9AsGl7y+dzLe5Cw2AArGTA==
  dependencies:
    d3-path "^3.1.0"

"d3-time-format@2 - 4", d3-time-format@4:
  version "4.1.0"
  resolved "https://artifacts.netflix.net/api/npm/npm-netflix/d3-time-format/-/d3-time-format-4.1.0.tgz#7ab5257a5041d11ecb4fe70a5c7d16a195bb408a"
  integrity sha512-dJxPBlzC7NugB2PDLwo9Q8JiTR3M3e4/XANkreKSUxF8vvXKqm1Yfq4Q5dl8budlunRVlUUaDUgFt7eA8D6NLg==
  dependencies:
    d3-time "1 - 3"

"d3-time@1 - 3", "d3-time@2.1.1 - 3", d3-time@3:
  version "3.1.0"
  resolved "https://artifacts.netflix.net/api/npm/npm-netflix/d3-time/-/d3-time-3.1.0.tgz#9310db56e992e3c0175e1ef385e545e48a9bb5c7"
  integrity sha512-VqKjzBLejbSMT4IgbmVgDjpkYrNWUYJnbCGo874u7MMKIWsILRX+OpX/gTk8MqjpT1A/c6HY2dCA77ZN0lkQ2Q==
  dependencies:
    d3-array "2 - 3"

"d3-timer@1 - 3", d3-timer@3:
  version "3.0.1"
  resolved "https://artifacts.netflix.net/api/npm/npm-netflix/d3-timer/-/d3-timer-3.0.1.tgz#6284d2a2708285b1abb7e201eda4380af35e63b0"
  integrity sha512-ndfJ/JxxMd3nw31uyKoY2naivF+r29V+Lc0svZxe1JvvIRmi8hUsrMvdOwgS1o6uBHmiz91geQ0ylPP0aj1VUA==

"d3-transition@2 - 3", d3-transition@3:
  version "3.0.1"
  resolved "https://artifacts.netflix.net/api/npm/npm-netflix/d3-transition/-/d3-transition-3.0.1.tgz#6869fdde1448868077fdd5989200cb61b2a1645f"
  integrity sha512-ApKvfjsSR6tg06xrL434C0WydLr7JewBB3V+/39RMHsaXTOG0zmt/OAXeng5M5LBm0ojmxJrpomQVZ1aPvBL4w==
  dependencies:
    d3-color "1 - 3"
    d3-dispatch "1 - 3"
    d3-ease "1 - 3"
    d3-interpolate "1 - 3"
    d3-timer "1 - 3"

d3-zoom@3:
  version "3.0.0"
  resolved "https://artifacts.netflix.net/api/npm/npm-netflix/d3-zoom/-/d3-zoom-3.0.0.tgz#d13f4165c73217ffeaa54295cd6969b3e7aee8f3"
  integrity sha512-b8AmV3kfQaqWAuacbPuNbL6vahnOJflOhexLzMMNLga62+/nh0JzvJ0aO/5a5MVgUFGS7Hu1P9P03o3fJkDCyw==
  dependencies:
    d3-dispatch "1 - 3"
    d3-drag "2 - 3"
    d3-interpolate "1 - 3"
    d3-selection "2 - 3"
    d3-transition "2 - 3"

d3@^7.9.0:
  version "7.9.0"
  resolved "https://artifacts.netflix.net/api/npm/npm-netflix/d3/-/d3-7.9.0.tgz#579e7acb3d749caf8860bd1741ae8d371070cd5d"
  integrity sha512-e1U46jVP+w7Iut8Jt8ri1YsPOvFpg46k+K8TpCb0P+zjCkjkPnV7WzfDJzMHy1LnA+wj5pLT1wjO901gLXeEhA==
  dependencies:
    d3-array "3"
    d3-axis "3"
    d3-brush "3"
    d3-chord "3"
    d3-color "3"
    d3-contour "4"
    d3-delaunay "6"
    d3-dispatch "3"
    d3-drag "3"
    d3-dsv "3"
    d3-ease "3"
    d3-fetch "3"
    d3-force "3"
    d3-format "3"
    d3-geo "3"
    d3-hierarchy "3"
    d3-interpolate "3"
    d3-path "3"
    d3-polygon "3"
    d3-quadtree "3"
    d3-random "3"
    d3-scale "4"
    d3-scale-chromatic "3"
    d3-selection "3"
    d3-shape "3"
    d3-time "3"
    d3-time-format "4"
    d3-timer "3"
    d3-transition "3"
    d3-zoom "3"

delaunator@5:
  version "5.1.0"
  resolved "https://artifacts.netflix.net/api/npm/npm-netflix/delaunator/-/delaunator-5.1.0.tgz#d13271fbf3aff6753f9ea6e235557f20901046ea"
  integrity sha512-AGrQ4QSgssa1NGmWmLPqN5NY2KajF5MqxetNEO+o0n3ZwZZeTmt7bBnvzHWrmkZFxGgr4HdyFgelzgi06otLuQ==
  dependencies:
    robust-predicates "^3.0.2"

esbuild@^0.21.3:
  version "0.21.5"
  resolved "https://artifacts.netflix.net/api/npm/npm-netflix/esbuild/-/esbuild-0.21.5.tgz#9ca301b120922959b766360d8ac830da0d02997d"
  integrity sha512-mg3OPMV4hXywwpoDxu3Qda5xCKQi+vCTZq8S9J/EpkhB2HzKXq4SNFZE3+NK93JYxc8VMSep+lOUSC/RVKaBqw==
  optionalDependencies:
    "@esbuild/aix-ppc64" "0.21.5"
    "@esbuild/android-arm" "0.21.5"
    "@esbuild/android-arm64" "0.21.5"
    "@esbuild/android-x64" "0.21.5"
    "@esbuild/darwin-arm64" "0.21.5"
    "@esbuild/darwin-x64" "0.21.5"
    "@esbuild/freebsd-arm64" "0.21.5"
    "@esbuild/freebsd-x64" "0.21.5"
    "@esbuild/linux-arm" "0.21.5"
    "@esbuild/linux-arm64" "0.21.5"
    "@esbuild/linux-ia32" "0.21.5"
    "@esbuild/linux-loong64" "0.21.5"
    "@esbuild/linux-mips64el" "0.21.5"
    "@esbuild/linux-ppc64" "0.21.5"
    "@esbuild/linux-riscv64" "0.21.5"
    "@esbuild/linux-s390x" "0.21.5"
    "@esbuild/linux-x64" "0.21.5"
    "@esbuild/netbsd-x64" "0.21.5"
    "@esbuild/openbsd-x64" "0.21.5"
    "@esbuild/sunos-x64" "0.21.5"
    "@esbuild/win32-arm64" "0.21.5"
    "@esbuild/win32-ia32" "0.21.5"
    "@esbuild/win32-x64" "0.21.5"

fsevents@~2.3.2, fsevents@~2.3.3:
  version "2.3.3"
  resolved "https://artifacts.netflix.net/api/npm/npm-netflix/fsevents/-/fsevents-2.3.3.tgz#cac6407785d03675a2a5e1a5305c697b347d90d6"
  integrity sha512-5xoDfX+fL7faATnagmWPpbFtwh/R77WmMMqqHGS65C3vvB0YHrgF+B1YmZ3441tMj5n63k0212XNoJwzlhffQw==

iconv-lite@0.6:
  version "0.6.3"
  resolved "https://artifacts.netflix.net/api/npm/npm-netflix/iconv-lite/-/iconv-lite-0.6.3.tgz#a52f80bf38da1952eb5c681790719871a1a72501"
  integrity sha512-4fCk79wshMdzMp2rH06qWrJE4iolqLhCUH+OiuIgU++RB0+94NlDL81atO7GX55uUKueo0txHNtvEyI6D7WdMw==
  dependencies:
    safer-buffer ">= 2.1.2 < 3.0.0"

"internmap@1 - 2":
  version "2.0.3"
  resolved "https://artifacts.netflix.net/api/npm/npm-netflix/internmap/-/internmap-2.0.3.tgz#6685f23755e43c524e251d29cbc97248e3061009"
  integrity sha512-5Hh7Y1wQbvY5ooGgPbDaL5iYLAPzMTUrjMulskHLH6wnv/A+1q5rgEaiuqEjB+oxGXIVZs1FF+R/KPN3ZSQYYg==

interval-tree-1d@^1.0.0:
  version "1.0.4"
  resolved "https://artifacts.netflix.net/api/npm/npm-netflix/interval-tree-1d/-/interval-tree-1d-1.0.4.tgz#b44f657de7ddae69ea3f98e0a9ad4bb046b07d11"
  integrity sha512-wY8QJH+6wNI0uh4pDQzMvl+478Qh7Rl4qLmqiluxALlNvl+I+o5x38Pw3/z7mDPTPS1dQalZJXsmbvxx5gclhQ==
  dependencies:
    binary-search-bounds "^2.0.0"

isoformat@^0.2.0:
  version "0.2.1"
  resolved "https://artifacts.netflix.net/api/npm/npm-netflix/isoformat/-/isoformat-0.2.1.tgz#2526344a4276a101b2881848dc337d1d2ae74494"
  integrity sha512-tFLRAygk9NqrRPhJSnNGh7g7oaVWDwR0wKh/GM2LgmPa50Eg4UfyaCO4I8k6EqJHl1/uh2RAD6g06n5ygEnrjQ==

nanoid@^3.3.12:
  version "3.3.12"
  resolved "https://artifacts.netflix.net/api/npm/npm-netflix/nanoid/-/nanoid-3.3.12.tgz#ab3d912e217a6d0a514f00a72a16543a28982c05"
  integrity sha512-ZB9RH/39qpq5Vu6Y+NmUaFhQR6pp+M2Xt76XBnEwDaGcVAqhlvxrl3B2bKS5D3NH3QR76v3aSrKaF/Kiy7lEtQ==

picocolors@^1.1.1:
  version "1.1.1"
  resolved "https://artifacts.netflix.net/api/npm/npm-netflix/picocolors/-/picocolors-1.1.1.tgz#3d321af3eab939b083c8f929a1d12cda81c26b6b"
  integrity sha512-xceH2snhtb5M9liqDsmEw56le376mTZkEX/jEb/RxNFyegNul7eNslCXP9FDj/Lcu0X8KEyMceP2ntpaHrDEVA==

postcss@^8.4.43:
  version "8.5.15"
  resolved "https://artifacts.netflix.net/api/npm/npm-netflix/postcss/-/postcss-8.5.15.tgz#d1eaf677a324e9ec02196da2d3fecf4a0b9a735c"
  integrity sha512-FfR8sjd4em2T6fb3I2MwAJU7HWVMr9zba+enmQeeWFfCbm+UOC/0X4DS8XtpUTMwWMGbjKYP7xjfNekzyGmB3A==
  dependencies:
    nanoid "^3.3.12"
    picocolors "^1.1.1"
    source-map-js "^1.2.1"

robust-predicates@^3.0.2:
  version "3.0.3"
  resolved "https://artifacts.netflix.net/api/npm/npm-netflix/robust-predicates/-/robust-predicates-3.0.3.tgz#1099061b3349e2c5abec6c2ab0acd440d24d4062"
  integrity sha512-NS3levdsRIUOmiJ8FZWCP7LG3QpJyrs/TE0Zpf1yvZu8cAJJ6QMW92H1c7kWpdIHo8RvmLxN/o2JXTKHp74lUA==

rollup@^4.20.0:
  version "4.60.4"
  resolved "https://artifacts.netflix.net/api/npm/npm-netflix/rollup/-/rollup-4.60.4.tgz#ca3814f5900da3ac3981d2e0c61944b7e6e0cb09"
  integrity sha512-WHeFSbZYsPu3+bLoNRUuAO+wavNlocOPf3wSHTP7hcFKVnJeWsYlCDbr3mTS14FCizf9ccIxXA8sGL8zKeQN3g==
  dependencies:
    "@types/estree" "1.0.8"
  optionalDependencies:
    "@rollup/rollup-android-arm-eabi" "4.60.4"
    "@rollup/rollup-android-arm64" "4.60.4"
    "@rollup/rollup-darwin-arm64" "4.60.4"
    "@rollup/rollup-darwin-x64" "4.60.4"
    "@rollup/rollup-freebsd-arm64" "4.60.4"
    "@rollup/rollup-freebsd-x64" "4.60.4"
    "@rollup/rollup-linux-arm-gnueabihf" "4.60.4"
    "@rollup/rollup-linux-arm-musleabihf" "4.60.4"
    "@rollup/rollup-linux-arm64-gnu" "4.60.4"
    "@rollup/rollup-linux-arm64-musl" "4.60.4"
    "@rollup/rollup-linux-loong64-gnu" "4.60.4"
    "@rollup/rollup-linux-loong64-musl" "4.60.4"
    "@rollup/rollup-linux-ppc64-gnu" "4.60.4"
    "@rollup/rollup-linux-ppc64-musl" "4.60.4"
    "@rollup/rollup-linux-riscv64-gnu" "4.60.4"
    "@rollup/rollup-linux-riscv64-musl" "4.60.4"
    "@rollup/rollup-linux-s390x-gnu" "4.60.4"
    "@rollup/rollup-linux-x64-gnu" "4.60.4"
    "@rollup/rollup-linux-x64-musl" "4.60.4"
    "@rollup/rollup-openbsd-x64" "4.60.4"
    "@rollup/rollup-openharmony-arm64" "4.60.4"
    "@rollup/rollup-win32-arm64-msvc" "4.60.4"
    "@rollup/rollup-win32-ia32-msvc" "4.60.4"
    "@rollup/rollup-win32-x64-gnu" "4.60.4"
    "@rollup/rollup-win32-x64-msvc" "4.60.4"
    fsevents "~2.3.2"

rw@1:
  version "1.3.3"
  resolved "https://artifacts.netflix.net/api/npm/npm-netflix/rw/-/rw-1.3.3.tgz#3f862dfa91ab766b14885ef4d01124bfda074fb4"
  integrity sha512-PdhdWy89SiZogBLaw42zdeqtRJ//zFd2PgQavcICDUgJT5oW10QCRKbJ6bg4r0/UY2M6BWd5tkxuGFRvCkgfHQ==

"safer-buffer@>= 2.1.2 < 3.0.0":
  version "2.1.2"
  resolved "https://artifacts.netflix.net/api/npm/npm-netflix/safer-buffer/-/safer-buffer-2.1.2.tgz#44fa161b0187b9549dd84bb91802f9bd8385cd6a"
  integrity sha512-YZo3K82SD7Riyi0E1EQPojLz7kpepnSQI9IyPbHHg1XXXevb5dJI7tpyN2ADxGcQbHG7vcyRHk0cbwqcQriUtg==

scrollama@^3.2.0:
  version "3.2.0"
  resolved "https://artifacts.netflix.net/api/npm/npm-netflix/scrollama/-/scrollama-3.2.0.tgz#90ac1765a1d2b7999ab7f971b4f71b9e2508b60c"
  integrity sha512-PIPwB1kYBnbw/ezvPBJa5dCN5qEwokfpAkI3BmpZWAwcVID4nDf1qH6WV16A2fQaJmsKx0un5S/zhxN+PQeKDQ==

source-map-js@^1.2.1:
  version "1.2.1"
  resolved "https://artifacts.netflix.net/api/npm/npm-netflix/source-map-js/-/source-map-js-1.2.1.tgz#1ce5650fddd87abc099eda37dcff024c2667ae46"
  integrity sha512-UXWMKhLOwVKb728IUtQPXxfYU+usdybtUrK/8uGE8CQMvrhOpwvzDBwj0QhSL7MQc7vIsISBG8VQ8+IDQxpfQA==

vite@^5.4.11:
  version "5.4.21"
  resolved "https://artifacts.netflix.net/api/npm/npm-netflix/vite/-/vite-5.4.21.tgz#84a4f7c5d860b071676d39ba513c0d598fdc7027"
  integrity sha512-o5a9xKjbtuhY6Bi5S3+HvbRERmouabWbyUcpXXUA1u+GNUKoROi9byOJ8M0nHbHYHkYICiMlqxkg1KkYmm25Sw==
  dependencies:
    esbuild "^0.21.3"
    postcss "^8.4.43"
    rollup "^4.20.0"
  optionalDependencies:
    fsevents "~2.3.3"
